
Microsoft Visual Studio Solution File, Format Version 12.00
# Visual Studio 15
VisualStudioVersion = 15.0.28307.960
MinimumVisualStudioVersion = 10.0.40219.1
Project("{FAE04EC0-301F-11D3-BF4B-00C04F79EFBC}") = "ProjektSale", "ProjektSale\ProjektSale.csproj", "{9043458F-9E6B-4403-80B3-1CF932CEE42C}"
EndProject
Global
	GlobalSection(SolutionConfigurationPlatforms) = preSolution
		Debug|Any CPU = Debug|Any CPU
		Release|Any CPU = Release|Any CPU
	EndGlobalSection
	GlobalSection(ProjectConfigurationPlatforms) = postSolution
		{9043458F-9E6B-4403-80B3-1CF932CEE42C}.Debug|Any CPU.ActiveCfg = Debug|Any CPU
		{9043458F-9E6B-4403-80B3-1CF932CEE42C}.Debug|Any CPU.Build.0 = Debug|Any CPU
		{9043458F-9E6B-4403-80B3-1CF932CEE42C}.Release|Any CPU.ActiveCfg = Release|Any CPU
		{9043458F-9E6B-4403-80B3-1CF932CEE42C}.Release|Any CPU.Build.0 = Release|Any CPU
	EndGlobalSection
	GlobalSection(SolutionProperties) = preSolution
		HideSolutionNode = FALSE
	EndGlobalSection
	GlobalSection(ExtensibilityGlobals) = postSolution
		SolutionGuid = {851E5CA5-1610-455A-AF7F-8C8B7C0F2ABE}
	EndGlobalSection
EndGlobal
